Microsoft Visual Studio Solution File, Format Version 12.00
# Visual Studio Version 17
VisualStudioVersion = 17.4.33103.184
MinimumVisualStudioVersion = 10.0.40219.1
Project("{2150E333-8FDC-42A3-9474-1A3956D46DE8}") = "demos", "demos", "{CB3349D6-3282-49BC-87BC-3EA128FAE922}"
	ProjectSection(SolutionItems) = preProject
		demos\Directory.Build.props = demos\Directory.Build.props
	EndProjectSection
EndProject
Project("{2150E333-8FDC-42A3-9474-1A3956D46DE8}") = "src", "src", "{D3CE88C7-E423-42EF-B869-C233AE360D89}"
	ProjectSection(SolutionItems) = preProject
		src\Directory.Build.props = src\Directory.Build.props
		src\MonoGameFramework.props = src\MonoGameFramework.props
	EndProjectSection
EndProject
Project("{9A19103F-16F7-4668-BE54-9A1E7A4F7556}") = "Demo1", "demos\Demo1\Demo1.csproj", "{2D6AF4F3-897E-4C22-A173-58FBD3C55CDE}"
EndProject
Project("{9A19103F-16F7-4668-BE54-9A1E7A4F7556}") = "MonoScene.Pipeline.GLTF", "src\MonoScene.Pipeline.GLTF\MonoScene.Pipeline.GLTF.csproj", "{9F9FDD1D-19D3-484D-8A96-0407C46DC6FC}"
EndProject
Project("{9A19103F-16F7-4668-BE54-9A1E7A4F7556}") = "MonoScene.Pipeline", "src\MonoScene.Pipeline\MonoScene.Pipeline.csproj", "{A0D0CC86-89B3-43F0-A115-DEDA81D167D4}"
EndProject
Project("{9A19103F-16F7-4668-BE54-9A1E7A4F7556}") = "MonoScene.Runtime.Content", "src\MonoScene.Runtime.Content\MonoScene.Runtime.Content.csproj", "{8753FECF-5D3D-409E-BAE9-80B7CE310A05}"
EndProject
Project("{9A19103F-16F7-4668-BE54-9A1E7A4F7556}") = "MonoScene.Runtime.Effects.Classic", "src\MonoScene.Runtime.Effects.Classic\MonoScene.Runtime.Effects.Classic.csproj", "{24AD71F7-2875-4E50-8687-39CD71356DCD}"
EndProject
Project("{9A19103F-16F7-4668-BE54-9A1E7A4F7556}") = "MonoScene.Runtime.Model3D", "src\MonoScene.Runtime.Model3D\MonoScene.Runtime.Model3D.csproj", "{B55A50F0-B0D3-4CDB-AE38-F999FA0F73F1}"
EndProject
Project("{9A19103F-16F7-4668-BE54-9A1E7A4F7556}") = "MonoScene.Runtime.Effects.PBR", "src\MonoScene.Runtime.Effects.PBR\MonoScene.Runtime.Effects.PBR.csproj", "{A739AEB9-0439-41A9-8AA2-1973A02EF3DC}"
EndProject
Project("{9A19103F-16F7-4668-BE54-9A1E7A4F7556}") = "MonoScene.Runtime.Scene3D", "src\MonoScene.Runtime.Scene3D\MonoScene.Runtime.Scene3D.csproj", "{DC3B0B6B-E4DF-46E6-A7C0-2C7904254956}"
EndProject
Project("{9A19103F-16F7-4668-BE54-9A1E7A4F7556}") = "Demo2", "demos\Demo2\Demo2.csproj", "{92F7F12B-F434-4396-AA57-1A3D4DF63F4B}"
EndProject
Project("{9A19103F-16F7-4668-BE54-9A1E7A4F7556}") = "Demo3", "demos\Demo3\Demo3.csproj", "{2BD342D9-5E43-497C-930C-7576376F6B91}"
EndProject
Project("{9A19103F-16F7-4668-BE54-9A1E7A4F7556}") = "Demo4.VR", "demos\Demo4.VR\Demo4.VR.csproj", "{E33A8290-FFD1-44DF-B095-FF7002BE8CFE}"
EndProject
Project("{9A19103F-16F7-4668-BE54-9A1E7A4F7556}") = "MonoScene.Pipeline.Assimp", "src\MonoScene.Pipeline.Assimp\MonoScene.Pipeline.Assimp.csproj", "{CC274EDC-1D0D-4BAB-AB9B-26077CE7874B}"
EndProject
Project("{FAE04EC0-301F-11D3-BF4B-00C04F79EFBC}") = "Demo5.Android", "demos\Demo5.Android\Demo5.Android.csproj", "{9CE794E3-3DEC-491B-8AFB-28833107D8A8}"
EndProject
Global
	GlobalSection(SolutionConfigurationPlatforms) = preSolution
		Debug|Any CPU = Debug|Any CPU
		Release|Any CPU = Release|Any CPU
	EndGlobalSection
	GlobalSection(ProjectConfigurationPlatforms) = postSolution
		{2D6AF4F3-897E-4C22-A173-58FBD3C55CDE}.Debug|Any CPU.ActiveCfg = Debug|Any CPU
		{2D6AF4F3-897E-4C22-A173-58FBD3C55CDE}.Debug|Any CPU.Build.0 = Debug|Any CPU
		{2D6AF4F3-897E-4C22-A173-58FBD3C55CDE}.Release|Any CPU.ActiveCfg = Release|Any CPU
		{2D6AF4F3-897E-4C22-A173-58FBD3C55CDE}.Release|Any CPU.Build.0 = Release|Any CPU
		{9F9FDD1D-19D3-484D-8A96-0407C46DC6FC}.Debug|Any CPU.ActiveCfg = Debug|Any CPU
		{9F9FDD1D-19D3-484D-8A96-0407C46DC6FC}.Debug|Any CPU.Build.0 = Debug|Any CPU
		{9F9FDD1D-19D3-484D-8A96-0407C46DC6FC}.Release|Any CPU.ActiveCfg = Release|Any CPU
		{9F9FDD1D-19D3-484D-8A96-0407C46DC6FC}.Release|Any CPU.Build.0 = Release|Any CPU
		{A0D0CC86-89B3-43F0-A115-DEDA81D167D4}.Debug|Any CPU.ActiveCfg = Debug|Any CPU
		{A0D0CC86-89B3-43F0-A115-DEDA81D167D4}.Debug|Any CPU.Build.0 = Debug|Any CPU
		{A0D0CC86-89B3-43F0-A115-DEDA81D167D4}.Release|Any CPU.ActiveCfg = Release|Any CPU
		{A0D0CC86-89B3-43F0-A115-DEDA81D167D4}.Release|Any CPU.Build.0 = Release|Any CPU
		{8753FECF-5D3D-409E-BAE9-80B7CE310A05}.Debug|Any CPU.ActiveCfg = Debug|Any CPU
		{8753FECF-5D3D-409E-BAE9-80B7CE310A05}.Debug|Any CPU.Build.0 = Debug|Any CPU
		{8753FECF-5D3D-409E-BAE9-80B7CE310A05}.Release|Any CPU.ActiveCfg = Release|Any CPU
		{8753FECF-5D3D-409E-BAE9-80B7CE310A05}.Release|Any CPU.Build.0 = Release|Any CPU
		{24AD71F7-2875-4E50-8687-39CD71356DCD}.Debug|Any CPU.ActiveCfg = Debug|Any CPU
		{24AD71F7-2875-4E50-8687-39CD71356DCD}.Debug|Any CPU.Build.0 = Debug|Any CPU
		{24AD71F7-2875-4E50-8687-39CD71356DCD}.Release|Any CPU.ActiveCfg = Release|Any CPU
		{24AD71F7-2875-4E50-8687-39CD71356DCD}.Release|Any CPU.Build.0 = Release|Any CPU
		{B55A50F0-B0D3-4CDB-AE38-F999FA0F73F1}.Debug|Any CPU.ActiveCfg = Debug|Any CPU
		{B55A50F0-B0D3-4CDB-AE38-F999FA0F73F1}.Debug|Any CPU.Build.0 = Debug|Any CPU
		{B55A50F0-B0D3-4CDB-AE38-F999FA0F73F1}.Release|Any CPU.ActiveCfg = Release|Any CPU
		{B55A50F0-B0D3-4CDB-AE38-F999FA0F73F1}.Release|Any CPU.Build.0 = Release|Any CPU
		{A739AEB9-0439-41A9-8AA2-1973A02EF3DC}.Debug|Any CPU.ActiveCfg = Debug|Any CPU
		{A739AEB9-0439-41A9-8AA2-1973A02EF3DC}.Debug|Any CPU.Build.0 = Debug|Any CPU
		{A739AEB9-0439-41A9-8AA2-1973A02EF3DC}.Release|Any CPU.ActiveCfg = Release|Any CPU
		{A739AEB9-0439-41A9-8AA2-1973A02EF3DC}.Release|Any CPU.Build.0 = Release|Any CPU
		{DC3B0B6B-E4DF-46E6-A7C0-2C7904254956}.Debug|Any CPU.ActiveCfg = Debug|Any CPU
		{DC3B0B6B-E4DF-46E6-A7C0-2C7904254956}.Debug|Any CPU.Build.0 = Debug|Any CPU
		{DC3B0B6B-E4DF-46E6-A7C0-2C7904254956}.Release|Any CPU.ActiveCfg = Release|Any CPU
		{DC3B0B6B-E4DF-46E6-A7C0-2C7904254956}.Release|Any CPU.Build.0 = Release|Any CPU
		{92F7F12B-F434-4396-AA57-1A3D4DF63F4B}.Debug|Any CPU.ActiveCfg = Debug|Any CPU
		{92F7F12B-F434-4396-AA57-1A3D4DF63F4B}.Debug|Any CPU.Build.0 = Debug|Any CPU
		{92F7F12B-F434-4396-AA57-1A3D4DF63F4B}.Release|Any CPU.ActiveCfg = Release|Any CPU
		{92F7F12B-F434-4396-AA57-1A3D4DF63F4B}.Release|Any CPU.Build.0 = Release|Any CPU
		{2BD342D9-5E43-497C-930C-7576376F6B91}.Debug|Any CPU.ActiveCfg = Debug|Any CPU
		{2BD342D9-5E43-497C-930C-7576376F6B91}.Debug|Any CPU.Build.0 = Debug|Any CPU
		{2BD342D9-5E43-497C-930C-7576376F6B91}.Release|Any CPU.ActiveCfg = Release|Any CPU
		{2BD342D9-5E43-497C-930C-7576376F6B91}.Release|Any CPU.Build.0 = Release|Any CPU
		{E33A8290-FFD1-44DF-B095-FF7002BE8CFE}.Debug|Any CPU.ActiveCfg = Debug|Any CPU
		{E33A8290-FFD1-44DF-B095-FF7002BE8CFE}.Debug|Any CPU.Build.0 = Debug|Any CPU
		{E33A8290-FFD1-44DF-B095-FF7002BE8CFE}.Release|Any CPU.ActiveCfg = Release|Any CPU
		{E33A8290-FFD1-44DF-B095-FF7002BE8CFE}.Release|Any CPU.Build.0 = Release|Any CPU
		{CC274EDC-1D0D-4BAB-AB9B-26077CE7874B}.Debug|Any CPU.ActiveCfg = Debug|Any CPU
		{CC274EDC-1D0D-4BAB-AB9B-26077CE7874B}.Debug|Any CPU.Build.0 = Debug|Any CPU
		{CC274EDC-1D0D-4BAB-AB9B-26077CE7874B}.Release|Any CPU.ActiveCfg = Release|Any CPU
		{CC274EDC-1D0D-4BAB-AB9B-26077CE7874B}.Release|Any CPU.Build.0 = Release|Any CPU
		{9CE794E3-3DEC-491B-8AFB-28833107D8A8}.Debug|Any CPU.ActiveCfg = Debug|Any CPU
		{9CE794E3-3DEC-491B-8AFB-28833107D8A8}.Debug|Any CPU.Build.0 = Debug|Any CPU
		{9CE794E3-3DEC-491B-8AFB-28833107D8A8}.Debug|Any CPU.Deploy.0 = Debug|Any CPU
		{9CE794E3-3DEC-491B-8AFB-28833107D8A8}.Release|Any CPU.ActiveCfg = Release|Any CPU
		{9CE794E3-3DEC-491B-8AFB-28833107D8A8}.Release|Any CPU.Build.0 = Release|Any CPU
		{9CE794E3-3DEC-491B-8AFB-28833107D8A8}.Release|Any CPU.Deploy.0 = Release|Any CPU
	EndGlobalSection
	GlobalSection(SolutionProperties) = preSolution
		HideSolutionNode = FALSE
	EndGlobalSection
	GlobalSection(NestedProjects) = preSolution
		{2D6AF4F3-897E-4C22-A173-58FBD3C55CDE} = {CB3349D6-3282-49BC-87BC-3EA128FAE922}
		{9F9FDD1D-19D3-484D-8A96-0407C46DC6FC} = {D3CE88C7-E423-42EF-B869-C233AE360D89}
		{A0D0CC86-89B3-43F0-A115-DEDA81D167D4} = {D3CE88C7-E423-42EF-B869-C233AE360D89}
		{8753FECF-5D3D-409E-BAE9-80B7CE310A05} = {D3CE88C7-E423-42EF-B869-C233AE360D89}
		{24AD71F7-2875-4E50-8687-39CD71356DCD} = {D3CE88C7-E423-42EF-B869-C233AE360D89}
		{B55A50F0-B0D3-4CDB-AE38-F999FA0F73F1} = {D3CE88C7-E423-42EF-B869-C233AE360D89}
		{A739AEB9-0439-41A9-8AA2-1973A02EF3DC} = {D3CE88C7-E423-42EF-B869-C233AE360D89}
		{DC3B0B6B-E4DF-46E6-A7C0-2C7904254956} = {D3CE88C7-E423-42EF-B869-C233AE360D89}
		{92F7F12B-F434-4396-AA57-1A3D4DF63F4B} = {CB3349D6-3282-49BC-87BC-3EA128FAE922}
		{2BD342D9-5E43-497C-930C-7576376F6B91} = {CB3349D6-3282-49BC-87BC-3EA128FAE922}
		{E33A8290-FFD1-44DF-B095-FF7002BE8CFE} = {CB3349D6-3282-49BC-87BC-3EA128FAE922}
		{CC274EDC-1D0D-4BAB-AB9B-26077CE7874B} = {D3CE88C7-E423-42EF-B869-C233AE360D89}
		{9CE794E3-3DEC-491B-8AFB-28833107D8A8} = {CB3349D6-3282-49BC-87BC-3EA128FAE922}
	EndGlobalSection
	GlobalSection(ExtensibilityGlobals) = postSolution
		SolutionGuid = {3A93E868-4176-4EB6-864F-C1CEE03ED6A5}
	EndGlobalSection
	GlobalSection(SubversionScc) = preSolution
		Svn-Managed = True
		Manager = AnkhSVN - Subversion Support for Visual Studio
	EndGlobalSection
EndGlobal
