
Microsoft Visual Studio Solution File, Format Version 12.00
# Visual Studio Version 16
VisualStudioVersion = 16.0.29806.167
MinimumVisualStudioVersion = 10.0.40219.1
Project("{9A19103F-16F7-4668-BE54-9A1E7A4F7556}") = "MonoGameScene", "MonoGameScene\MonoGameScene.csproj", "{3479C8CD-AE00-429E-BA88-1332B1E75F97}"
EndProject
Project("{9A19103F-16F7-4668-BE54-9A1E7A4F7556}") = "SharpGLTF.Runtime.MonoGame", "SharpGLTF.Runtime.MonoGame\SharpGLTF.Runtime.MonoGame.csproj", "{83A2BD11-5186-4595-8B7E-191B5DE0BEFE}"
EndProject
Project("{9A19103F-16F7-4668-BE54-9A1E7A4F7556}") = "MonoGameViewer", "MonoGameViewer\MonoGameViewer.csproj", "{15155062-6A75-48EC-B73A-A7DCCB5423B6}"
EndProject
Project("{9A19103F-16F7-4668-BE54-9A1E7A4F7556}") = "MonoGame.Framework.Graphics.EffectsPBR", "MonoGame.Framework.Graphics.PBR\MonoGame.Framework.Graphics.EffectsPBR.csproj", "{6D3141B5-4747-4D58-B773-4EA96DA8887B}"
EndProject
Project("{9A19103F-16F7-4668-BE54-9A1E7A4F7556}") = "MonoGame.Framework.Graphics.Model3D", "MonoGame.Framework.Graphics.Toolkit3D\MonoGame.Framework.Graphics.Model3D.csproj", "{50241C0B-7275-4B2D-AA65-6D2EB643D138}"
EndProject
Project("{9A19103F-16F7-4668-BE54-9A1E7A4F7556}") = "MonoGame.Framework.Pipeline.GLTF", "MonoGame.Framework.Graphics.GLTF\MonoGame.Framework.Pipeline.GLTF.csproj", "{B3E6CDA2-F721-430E-BD3C-55D78E6B8C6D}"
EndProject
Project("{9A19103F-16F7-4668-BE54-9A1E7A4F7556}") = "Demo1", "Demo1\Demo1.csproj", "{2C4B5022-8BA0-44CB-A612-995518C216D2}"
EndProject
Project("{9A19103F-16F7-4668-BE54-9A1E7A4F7556}") = "Demo2", "Demo2\Demo2.csproj", "{9B0C0AF4-F505-4EFA-A707-6AE469224A98}"
EndProject
Project("{9A19103F-16F7-4668-BE54-9A1E7A4F7556}") = "Demo3", "Demo3\Demo3.csproj", "{C617C831-E727-411A-901B-0302C7CE5AA2}"
EndProject
Project("{FAE04EC0-301F-11D3-BF4B-00C04F79EFBC}") = "MonoGame.Framework.Graphics.Scene3D", "MonoGame.Framework.Graphics.Scene3D\MonoGame.Framework.Graphics.Scene3D.csproj", "{844F2DCB-B4F3-48BD-9412-D326008C3A1A}"
EndProject
Project("{2150E333-8FDC-42A3-9474-1A3956D46DE8}") = "Obsolete", "Obsolete", "{174B99F1-9DF1-49DE-84C7-BFE019AE78DE}"
EndProject
Global
	GlobalSection(SolutionConfigurationPlatforms) = preSolution
		Debug|Any CPU = Debug|Any CPU
		Debug|ARM = Debug|ARM
		Debug|x64 = Debug|x64
		Debug|x86 = Debug|x86
		Release|Any CPU = Release|Any CPU
		Release|ARM = Release|ARM
		Release|x64 = Release|x64
		Release|x86 = Release|x86
	EndGlobalSection
	GlobalSection(ProjectConfigurationPlatforms) = postSolution
		{3479C8CD-AE00-429E-BA88-1332B1E75F97}.Debug|Any CPU.ActiveCfg = Debug|Any CPU
		{3479C8CD-AE00-429E-BA88-1332B1E75F97}.Debug|Any CPU.Build.0 = Debug|Any CPU
		{3479C8CD-AE00-429E-BA88-1332B1E75F97}.Debug|ARM.ActiveCfg = Debug|Any CPU
		{3479C8CD-AE00-429E-BA88-1332B1E75F97}.Debug|ARM.Build.0 = Debug|Any CPU
		{3479C8CD-AE00-429E-BA88-1332B1E75F97}.Debug|x64.ActiveCfg = Debug|Any CPU
		{3479C8CD-AE00-429E-BA88-1332B1E75F97}.Debug|x64.Build.0 = Debug|Any CPU
		{3479C8CD-AE00-429E-BA88-1332B1E75F97}.Debug|x86.ActiveCfg = Debug|Any CPU
		{3479C8CD-AE00-429E-BA88-1332B1E75F97}.Debug|x86.Build.0 = Debug|Any CPU
		{3479C8CD-AE00-429E-BA88-1332B1E75F97}.Release|Any CPU.ActiveCfg = Release|Any CPU
		{3479C8CD-AE00-429E-BA88-1332B1E75F97}.Release|Any CPU.Build.0 = Release|Any CPU
		{3479C8CD-AE00-429E-BA88-1332B1E75F97}.Release|ARM.ActiveCfg = Release|Any CPU
		{3479C8CD-AE00-429E-BA88-1332B1E75F97}.Release|ARM.Build.0 = Release|Any CPU
		{3479C8CD-AE00-429E-BA88-1332B1E75F97}.Release|x64.ActiveCfg = Release|Any CPU
		{3479C8CD-AE00-429E-BA88-1332B1E75F97}.Release|x64.Build.0 = Release|Any CPU
		{3479C8CD-AE00-429E-BA88-1332B1E75F97}.Release|x86.ActiveCfg = Release|Any CPU
		{3479C8CD-AE00-429E-BA88-1332B1E75F97}.Release|x86.Build.0 = Release|Any CPU
		{83A2BD11-5186-4595-8B7E-191B5DE0BEFE}.Debug|Any CPU.ActiveCfg = Debug|Any CPU
		{83A2BD11-5186-4595-8B7E-191B5DE0BEFE}.Debug|Any CPU.Build.0 = Debug|Any CPU
		{83A2BD11-5186-4595-8B7E-191B5DE0BEFE}.Debug|ARM.ActiveCfg = Debug|Any CPU
		{83A2BD11-5186-4595-8B7E-191B5DE0BEFE}.Debug|ARM.Build.0 = Debug|Any CPU
		{83A2BD11-5186-4595-8B7E-191B5DE0BEFE}.Debug|x64.ActiveCfg = Debug|Any CPU
		{83A2BD11-5186-4595-8B7E-191B5DE0BEFE}.Debug|x64.Build.0 = Debug|Any CPU
		{83A2BD11-5186-4595-8B7E-191B5DE0BEFE}.Debug|x86.ActiveCfg = Debug|Any CPU
		{83A2BD11-5186-4595-8B7E-191B5DE0BEFE}.Debug|x86.Build.0 = Debug|Any CPU
		{83A2BD11-5186-4595-8B7E-191B5DE0BEFE}.Release|Any CPU.ActiveCfg = Release|Any CPU
		{83A2BD11-5186-4595-8B7E-191B5DE0BEFE}.Release|Any CPU.Build.0 = Release|Any CPU
		{83A2BD11-5186-4595-8B7E-191B5DE0BEFE}.Release|ARM.ActiveCfg = Release|Any CPU
		{83A2BD11-5186-4595-8B7E-191B5DE0BEFE}.Release|ARM.Build.0 = Release|Any CPU
		{83A2BD11-5186-4595-8B7E-191B5DE0BEFE}.Release|x64.ActiveCfg = Release|Any CPU
		{83A2BD11-5186-4595-8B7E-191B5DE0BEFE}.Release|x64.Build.0 = Release|Any CPU
		{83A2BD11-5186-4595-8B7E-191B5DE0BEFE}.Release|x86.ActiveCfg = Release|Any CPU
		{83A2BD11-5186-4595-8B7E-191B5DE0BEFE}.Release|x86.Build.0 = Release|Any CPU
		{15155062-6A75-48EC-B73A-A7DCCB5423B6}.Debug|Any CPU.ActiveCfg = Debug|Any CPU
		{15155062-6A75-48EC-B73A-A7DCCB5423B6}.Debug|Any CPU.Build.0 = Debug|Any CPU
		{15155062-6A75-48EC-B73A-A7DCCB5423B6}.Debug|ARM.ActiveCfg = Debug|Any CPU
		{15155062-6A75-48EC-B73A-A7DCCB5423B6}.Debug|ARM.Build.0 = Debug|Any CPU
		{15155062-6A75-48EC-B73A-A7DCCB5423B6}.Debug|x64.ActiveCfg = Debug|Any CPU
		{15155062-6A75-48EC-B73A-A7DCCB5423B6}.Debug|x64.Build.0 = Debug|Any CPU
		{15155062-6A75-48EC-B73A-A7DCCB5423B6}.Debug|x86.ActiveCfg = Debug|Any CPU
		{15155062-6A75-48EC-B73A-A7DCCB5423B6}.Debug|x86.Build.0 = Debug|Any CPU
		{15155062-6A75-48EC-B73A-A7DCCB5423B6}.Release|Any CPU.ActiveCfg = Release|Any CPU
		{15155062-6A75-48EC-B73A-A7DCCB5423B6}.Release|Any CPU.Build.0 = Release|Any CPU
		{15155062-6A75-48EC-B73A-A7DCCB5423B6}.Release|ARM.ActiveCfg = Release|Any CPU
		{15155062-6A75-48EC-B73A-A7DCCB5423B6}.Release|ARM.Build.0 = Release|Any CPU
		{15155062-6A75-48EC-B73A-A7DCCB5423B6}.Release|x64.ActiveCfg = Release|Any CPU
		{15155062-6A75-48EC-B73A-A7DCCB5423B6}.Release|x64.Build.0 = Release|Any CPU
		{15155062-6A75-48EC-B73A-A7DCCB5423B6}.Release|x86.ActiveCfg = Release|Any CPU
		{15155062-6A75-48EC-B73A-A7DCCB5423B6}.Release|x86.Build.0 = Release|Any CPU
		{6D3141B5-4747-4D58-B773-4EA96DA8887B}.Debug|Any CPU.ActiveCfg = Debug|Any CPU
		{6D3141B5-4747-4D58-B773-4EA96DA8887B}.Debug|Any CPU.Build.0 = Debug|Any CPU
		{6D3141B5-4747-4D58-B773-4EA96DA8887B}.Debug|ARM.ActiveCfg = Debug|Any CPU
		{6D3141B5-4747-4D58-B773-4EA96DA8887B}.Debug|ARM.Build.0 = Debug|Any CPU
		{6D3141B5-4747-4D58-B773-4EA96DA8887B}.Debug|x64.ActiveCfg = Debug|Any CPU
		{6D3141B5-4747-4D58-B773-4EA96DA8887B}.Debug|x64.Build.0 = Debug|Any CPU
		{6D3141B5-4747-4D58-B773-4EA96DA8887B}.Debug|x86.ActiveCfg = Debug|Any CPU
		{6D3141B5-4747-4D58-B773-4EA96DA8887B}.Debug|x86.Build.0 = Debug|Any CPU
		{6D3141B5-4747-4D58-B773-4EA96DA8887B}.Release|Any CPU.ActiveCfg = Release|Any CPU
		{6D3141B5-4747-4D58-B773-4EA96DA8887B}.Release|Any CPU.Build.0 = Release|Any CPU
		{6D3141B5-4747-4D58-B773-4EA96DA8887B}.Release|ARM.ActiveCfg = Release|Any CPU
		{6D3141B5-4747-4D58-B773-4EA96DA8887B}.Release|ARM.Build.0 = Release|Any CPU
		{6D3141B5-4747-4D58-B773-4EA96DA8887B}.Release|x64.ActiveCfg = Release|Any CPU
		{6D3141B5-4747-4D58-B773-4EA96DA8887B}.Release|x64.Build.0 = Release|Any CPU
		{6D3141B5-4747-4D58-B773-4EA96DA8887B}.Release|x86.ActiveCfg = Release|Any CPU
		{6D3141B5-4747-4D58-B773-4EA96DA8887B}.Release|x86.Build.0 = Release|Any CPU
		{50241C0B-7275-4B2D-AA65-6D2EB643D138}.Debug|Any CPU.ActiveCfg = Debug|Any CPU
		{50241C0B-7275-4B2D-AA65-6D2EB643D138}.Debug|Any CPU.Build.0 = Debug|Any CPU
		{50241C0B-7275-4B2D-AA65-6D2EB643D138}.Debug|ARM.ActiveCfg = Debug|Any CPU
		{50241C0B-7275-4B2D-AA65-6D2EB643D138}.Debug|ARM.Build.0 = Debug|Any CPU
		{50241C0B-7275-4B2D-AA65-6D2EB643D138}.Debug|x64.ActiveCfg = Debug|Any CPU
		{50241C0B-7275-4B2D-AA65-6D2EB643D138}.Debug|x64.Build.0 = Debug|Any CPU
		{50241C0B-7275-4B2D-AA65-6D2EB643D138}.Debug|x86.ActiveCfg = Debug|Any CPU
		{50241C0B-7275-4B2D-AA65-6D2EB643D138}.Debug|x86.Build.0 = Debug|Any CPU
		{50241C0B-7275-4B2D-AA65-6D2EB643D138}.Release|Any CPU.ActiveCfg = Release|Any CPU
		{50241C0B-7275-4B2D-AA65-6D2EB643D138}.Release|Any CPU.Build.0 = Release|Any CPU
		{50241C0B-7275-4B2D-AA65-6D2EB643D138}.Release|ARM.ActiveCfg = Release|Any CPU
		{50241C0B-7275-4B2D-AA65-6D2EB643D138}.Release|ARM.Build.0 = Release|Any CPU
		{50241C0B-7275-4B2D-AA65-6D2EB643D138}.Release|x64.ActiveCfg = Release|Any CPU
		{50241C0B-7275-4B2D-AA65-6D2EB643D138}.Release|x64.Build.0 = Release|Any CPU
		{50241C0B-7275-4B2D-AA65-6D2EB643D138}.Release|x86.ActiveCfg = Release|Any CPU
		{50241C0B-7275-4B2D-AA65-6D2EB643D138}.Release|x86.Build.0 = Release|Any CPU
		{B3E6CDA2-F721-430E-BD3C-55D78E6B8C6D}.Debug|Any CPU.ActiveCfg = Debug|Any CPU
		{B3E6CDA2-F721-430E-BD3C-55D78E6B8C6D}.Debug|Any CPU.Build.0 = Debug|Any CPU
		{B3E6CDA2-F721-430E-BD3C-55D78E6B8C6D}.Debug|ARM.ActiveCfg = Debug|Any CPU
		{B3E6CDA2-F721-430E-BD3C-55D78E6B8C6D}.Debug|ARM.Build.0 = Debug|Any CPU
		{B3E6CDA2-F721-430E-BD3C-55D78E6B8C6D}.Debug|x64.ActiveCfg = Debug|Any CPU
		{B3E6CDA2-F721-430E-BD3C-55D78E6B8C6D}.Debug|x64.Build.0 = Debug|Any CPU
		{B3E6CDA2-F721-430E-BD3C-55D78E6B8C6D}.Debug|x86.ActiveCfg = Debug|Any CPU
		{B3E6CDA2-F721-430E-BD3C-55D78E6B8C6D}.Debug|x86.Build.0 = Debug|Any CPU
		{B3E6CDA2-F721-430E-BD3C-55D78E6B8C6D}.Release|Any CPU.ActiveCfg = Release|Any CPU
		{B3E6CDA2-F721-430E-BD3C-55D78E6B8C6D}.Release|Any CPU.Build.0 = Release|Any CPU
		{B3E6CDA2-F721-430E-BD3C-55D78E6B8C6D}.Release|ARM.ActiveCfg = Release|Any CPU
		{B3E6CDA2-F721-430E-BD3C-55D78E6B8C6D}.Release|ARM.Build.0 = Release|Any CPU
		{B3E6CDA2-F721-430E-BD3C-55D78E6B8C6D}.Release|x64.ActiveCfg = Release|Any CPU
		{B3E6CDA2-F721-430E-BD3C-55D78E6B8C6D}.Release|x64.Build.0 = Release|Any CPU
		{B3E6CDA2-F721-430E-BD3C-55D78E6B8C6D}.Release|x86.ActiveCfg = Release|Any CPU
		{B3E6CDA2-F721-430E-BD3C-55D78E6B8C6D}.Release|x86.Build.0 = Release|Any CPU
		{2C4B5022-8BA0-44CB-A612-995518C216D2}.Debug|Any CPU.ActiveCfg = Debug|Any CPU
		{2C4B5022-8BA0-44CB-A612-995518C216D2}.Debug|Any CPU.Build.0 = Debug|Any CPU
		{2C4B5022-8BA0-44CB-A612-995518C216D2}.Debug|ARM.ActiveCfg = Debug|Any CPU
		{2C4B5022-8BA0-44CB-A612-995518C216D2}.Debug|ARM.Build.0 = Debug|Any CPU
		{2C4B5022-8BA0-44CB-A612-995518C216D2}.Debug|x64.ActiveCfg = Debug|Any CPU
		{2C4B5022-8BA0-44CB-A612-995518C216D2}.Debug|x64.Build.0 = Debug|Any CPU
		{2C4B5022-8BA0-44CB-A612-995518C216D2}.Debug|x86.ActiveCfg = Debug|Any CPU
		{2C4B5022-8BA0-44CB-A612-995518C216D2}.Debug|x86.Build.0 = Debug|Any CPU
		{2C4B5022-8BA0-44CB-A612-995518C216D2}.Release|Any CPU.ActiveCfg = Release|Any CPU
		{2C4B5022-8BA0-44CB-A612-995518C216D2}.Release|Any CPU.Build.0 = Release|Any CPU
		{2C4B5022-8BA0-44CB-A612-995518C216D2}.Release|ARM.ActiveCfg = Release|Any CPU
		{2C4B5022-8BA0-44CB-A612-995518C216D2}.Release|ARM.Build.0 = Release|Any CPU
		{2C4B5022-8BA0-44CB-A612-995518C216D2}.Release|x64.ActiveCfg = Release|Any CPU
		{2C4B5022-8BA0-44CB-A612-995518C216D2}.Release|x64.Build.0 = Release|Any CPU
		{2C4B5022-8BA0-44CB-A612-995518C216D2}.Release|x86.ActiveCfg = Release|Any CPU
		{2C4B5022-8BA0-44CB-A612-995518C216D2}.Release|x86.Build.0 = Release|Any CPU
		{9B0C0AF4-F505-4EFA-A707-6AE469224A98}.Debug|Any CPU.ActiveCfg = Debug|Any CPU
		{9B0C0AF4-F505-4EFA-A707-6AE469224A98}.Debug|Any CPU.Build.0 = Debug|Any CPU
		{9B0C0AF4-F505-4EFA-A707-6AE469224A98}.Debug|ARM.ActiveCfg = Debug|Any CPU
		{9B0C0AF4-F505-4EFA-A707-6AE469224A98}.Debug|ARM.Build.0 = Debug|Any CPU
		{9B0C0AF4-F505-4EFA-A707-6AE469224A98}.Debug|x64.ActiveCfg = Debug|Any CPU
		{9B0C0AF4-F505-4EFA-A707-6AE469224A98}.Debug|x64.Build.0 = Debug|Any CPU
		{9B0C0AF4-F505-4EFA-A707-6AE469224A98}.Debug|x86.ActiveCfg = Debug|Any CPU
		{9B0C0AF4-F505-4EFA-A707-6AE469224A98}.Debug|x86.Build.0 = Debug|Any CPU
		{9B0C0AF4-F505-4EFA-A707-6AE469224A98}.Release|Any CPU.ActiveCfg = Release|Any CPU
		{9B0C0AF4-F505-4EFA-A707-6AE469224A98}.Release|Any CPU.Build.0 = Release|Any CPU
		{9B0C0AF4-F505-4EFA-A707-6AE469224A98}.Release|ARM.ActiveCfg = Release|Any CPU
		{9B0C0AF4-F505-4EFA-A707-6AE469224A98}.Release|ARM.Build.0 = Release|Any CPU
		{9B0C0AF4-F505-4EFA-A707-6AE469224A98}.Release|x64.ActiveCfg = Release|Any CPU
		{9B0C0AF4-F505-4EFA-A707-6AE469224A98}.Release|x64.Build.0 = Release|Any CPU
		{9B0C0AF4-F505-4EFA-A707-6AE469224A98}.Release|x86.ActiveCfg = Release|Any CPU
		{9B0C0AF4-F505-4EFA-A707-6AE469224A98}.Release|x86.Build.0 = Release|Any CPU
		{C617C831-E727-411A-901B-0302C7CE5AA2}.Debug|Any CPU.ActiveCfg = Debug|Any CPU
		{C617C831-E727-411A-901B-0302C7CE5AA2}.Debug|Any CPU.Build.0 = Debug|Any CPU
		{C617C831-E727-411A-901B-0302C7CE5AA2}.Debug|ARM.ActiveCfg = Debug|Any CPU
		{C617C831-E727-411A-901B-0302C7CE5AA2}.Debug|ARM.Build.0 = Debug|Any CPU
		{C617C831-E727-411A-901B-0302C7CE5AA2}.Debug|x64.ActiveCfg = Debug|Any CPU
		{C617C831-E727-411A-901B-0302C7CE5AA2}.Debug|x64.Build.0 = Debug|Any CPU
		{C617C831-E727-411A-901B-0302C7CE5AA2}.Debug|x86.ActiveCfg = Debug|Any CPU
		{C617C831-E727-411A-901B-0302C7CE5AA2}.Debug|x86.Build.0 = Debug|Any CPU
		{C617C831-E727-411A-901B-0302C7CE5AA2}.Release|Any CPU.ActiveCfg = Release|Any CPU
		{C617C831-E727-411A-901B-0302C7CE5AA2}.Release|Any CPU.Build.0 = Release|Any CPU
		{C617C831-E727-411A-901B-0302C7CE5AA2}.Release|ARM.ActiveCfg = Release|Any CPU
		{C617C831-E727-411A-901B-0302C7CE5AA2}.Release|ARM.Build.0 = Release|Any CPU
		{C617C831-E727-411A-901B-0302C7CE5AA2}.Release|x64.ActiveCfg = Release|Any CPU
		{C617C831-E727-411A-901B-0302C7CE5AA2}.Release|x64.Build.0 = Release|Any CPU
		{C617C831-E727-411A-901B-0302C7CE5AA2}.Release|x86.ActiveCfg = Release|Any CPU
		{C617C831-E727-411A-901B-0302C7CE5AA2}.Release|x86.Build.0 = Release|Any CPU
		{844F2DCB-B4F3-48BD-9412-D326008C3A1A}.Debug|Any CPU.ActiveCfg = Debug|Any CPU
		{844F2DCB-B4F3-48BD-9412-D326008C3A1A}.Debug|Any CPU.Build.0 = Debug|Any CPU
		{844F2DCB-B4F3-48BD-9412-D326008C3A1A}.Debug|ARM.ActiveCfg = Debug|Any CPU
		{844F2DCB-B4F3-48BD-9412-D326008C3A1A}.Debug|ARM.Build.0 = Debug|Any CPU
		{844F2DCB-B4F3-48BD-9412-D326008C3A1A}.Debug|x64.ActiveCfg = Debug|Any CPU
		{844F2DCB-B4F3-48BD-9412-D326008C3A1A}.Debug|x64.Build.0 = Debug|Any CPU
		{844F2DCB-B4F3-48BD-9412-D326008C3A1A}.Debug|x86.ActiveCfg = Debug|Any CPU
		{844F2DCB-B4F3-48BD-9412-D326008C3A1A}.Debug|x86.Build.0 = Debug|Any CPU
		{844F2DCB-B4F3-48BD-9412-D326008C3A1A}.Release|Any CPU.ActiveCfg = Release|Any CPU
		{844F2DCB-B4F3-48BD-9412-D326008C3A1A}.Release|Any CPU.Build.0 = Release|Any CPU
		{844F2DCB-B4F3-48BD-9412-D326008C3A1A}.Release|ARM.ActiveCfg = Release|Any CPU
		{844F2DCB-B4F3-48BD-9412-D326008C3A1A}.Release|ARM.Build.0 = Release|Any CPU
		{844F2DCB-B4F3-48BD-9412-D326008C3A1A}.Release|x64.ActiveCfg = Release|Any CPU
		{844F2DCB-B4F3-48BD-9412-D326008C3A1A}.Release|x64.Build.0 = Release|Any CPU
		{844F2DCB-B4F3-48BD-9412-D326008C3A1A}.Release|x86.ActiveCfg = Release|Any CPU
		{844F2DCB-B4F3-48BD-9412-D326008C3A1A}.Release|x86.Build.0 = Release|Any CPU
	EndGlobalSection
	GlobalSection(SolutionProperties) = preSolution
		HideSolutionNode = FALSE
	EndGlobalSection
	GlobalSection(NestedProjects) = preSolution
		{3479C8CD-AE00-429E-BA88-1332B1E75F97} = {174B99F1-9DF1-49DE-84C7-BFE019AE78DE}
		{83A2BD11-5186-4595-8B7E-191B5DE0BEFE} = {174B99F1-9DF1-49DE-84C7-BFE019AE78DE}
	EndGlobalSection
	GlobalSection(ExtensibilityGlobals) = postSolution
		SolutionGuid = {A5475DEB-D7F5-4A81-84EB-5C61A84246EB}
	EndGlobalSection
EndGlobal
