
Microsoft Visual Studio Solution File, Format Version 12.00
# Visual Studio Version 16
VisualStudioVersion = 16.0.29806.167
MinimumVisualStudioVersion = 10.0.40219.1
Project("{9A19103F-16F7-4668-BE54-9A1E7A4F7556}") = "MonoGameScene", "MonoGameScene\MonoGameScene.csproj", "{3479C8CD-AE00-429E-BA88-1332B1E75F97}"
EndProject
Project("{9A19103F-16F7-4668-BE54-9A1E7A4F7556}") = "SharpGLTF.Runtime.MonoGame", "SharpGLTF.Runtime.MonoGame\SharpGLTF.Runtime.MonoGame.csproj", "{83A2BD11-5186-4595-8B7E-191B5DE0BEFE}"
EndProject
Project("{9A19103F-16F7-4668-BE54-9A1E7A4F7556}") = "MonoGameViewer", "MonoGameViewer\MonoGameViewer.csproj", "{15155062-6A75-48EC-B73A-A7DCCB5423B6}"
EndProject
Project("{9A19103F-16F7-4668-BE54-9A1E7A4F7556}") = "MonoGame.Framework.Graphics.PBR", "MonoGame.Framework.Graphics.PBR\MonoGame.Framework.Graphics.PBR.csproj", "{6D3141B5-4747-4D58-B773-4EA96DA8887B}"
EndProject
Global
	GlobalSection(SolutionConfigurationPlatforms) = preSolution
		Debug|Any CPU = Debug|Any CPU
		Release|Any CPU = Release|Any CPU
	EndGlobalSection
	GlobalSection(ProjectConfigurationPlatforms) = postSolution
		{3479C8CD-AE00-429E-BA88-1332B1E75F97}.Debug|Any CPU.ActiveCfg = Debug|Any CPU
		{3479C8CD-AE00-429E-BA88-1332B1E75F97}.Debug|Any CPU.Build.0 = Debug|Any CPU
		{3479C8CD-AE00-429E-BA88-1332B1E75F97}.Release|Any CPU.ActiveCfg = Release|Any CPU
		{3479C8CD-AE00-429E-BA88-1332B1E75F97}.Release|Any CPU.Build.0 = Release|Any CPU
		{83A2BD11-5186-4595-8B7E-191B5DE0BEFE}.Debug|Any CPU.ActiveCfg = Debug|Any CPU
		{83A2BD11-5186-4595-8B7E-191B5DE0BEFE}.Debug|Any CPU.Build.0 = Debug|Any CPU
		{83A2BD11-5186-4595-8B7E-191B5DE0BEFE}.Release|Any CPU.ActiveCfg = Release|Any CPU
		{83A2BD11-5186-4595-8B7E-191B5DE0BEFE}.Release|Any CPU.Build.0 = Release|Any CPU
		{15155062-6A75-48EC-B73A-A7DCCB5423B6}.Debug|Any CPU.ActiveCfg = Debug|Any CPU
		{15155062-6A75-48EC-B73A-A7DCCB5423B6}.Debug|Any CPU.Build.0 = Debug|Any CPU
		{15155062-6A75-48EC-B73A-A7DCCB5423B6}.Release|Any CPU.ActiveCfg = Release|Any CPU
		{15155062-6A75-48EC-B73A-A7DCCB5423B6}.Release|Any CPU.Build.0 = Release|Any CPU
		{6D3141B5-4747-4D58-B773-4EA96DA8887B}.Debug|Any CPU.ActiveCfg = Debug|Any CPU
		{6D3141B5-4747-4D58-B773-4EA96DA8887B}.Debug|Any CPU.Build.0 = Debug|Any CPU
		{6D3141B5-4747-4D58-B773-4EA96DA8887B}.Release|Any CPU.ActiveCfg = Release|Any CPU
		{6D3141B5-4747-4D58-B773-4EA96DA8887B}.Release|Any CPU.Build.0 = Release|Any CPU
	EndGlobalSection
	GlobalSection(SolutionProperties) = preSolution
		HideSolutionNode = FALSE
	EndGlobalSection
	GlobalSection(ExtensibilityGlobals) = postSolution
		SolutionGuid = {A5475DEB-D7F5-4A81-84EB-5C61A84246EB}
	EndGlobalSection
EndGlobal
