Microsoft Visual Studio Solution File, Format Version 12.00
# Visual Studio Version 17
VisualStudioVersion = 17.2.32526.322
MinimumVisualStudioVersion = 10.0.40219.1
Project("{2150E333-8FDC-42A3-9474-1A3956D46DE8}") = "Pipeline", "Pipeline", "{B8E244DA-E11E-4E86-A247-220C1AE236BF}"
EndProject
Project("{9A19103F-16F7-4668-BE54-9A1E7A4F7556}") = "Demo1", "Demo1\Demo1.csproj", "{2C1C3C4C-6BF8-4C26-9212-B8814EF6F3BD}"
EndProject
Project("{9A19103F-16F7-4668-BE54-9A1E7A4F7556}") = "MonoScene.Pipeline.GLTF", "MonoScene.Pipeline.GLTF\MonoScene.Pipeline.GLTF.csproj", "{C8AC1020-FE76-4BF5-9767-F63554900091}"
EndProject
Project("{9A19103F-16F7-4668-BE54-9A1E7A4F7556}") = "MonoScene.Runtime.Effects.PBR", "MonoScene.Runtime.Effects.PBR\MonoScene.Runtime.Effects.PBR.csproj", "{2563EE5B-0B4A-4EC1-BF78-8F270CACAB59}"
EndProject
Project("{9A19103F-16F7-4668-BE54-9A1E7A4F7556}") = "MonoScene.Runtime.Content", "MonoScene.Runtime.Content\MonoScene.Runtime.Content.csproj", "{41112F36-3213-4C3F-8ECC-616F1B502B6A}"
EndProject
Project("{9A19103F-16F7-4668-BE54-9A1E7A4F7556}") = "MonoScene.Runtime.Model3D", "MonoScene.Runtime.Model3D\MonoScene.Runtime.Model3D.csproj", "{7B9B380E-D9AA-44F4-ABD3-36255EEE9F4A}"
EndProject
Project("{9A19103F-16F7-4668-BE54-9A1E7A4F7556}") = "MonoScene.Runtime.Scene3D", "MonoScene.Runtime.Scene3D\MonoScene.Runtime.Scene3D.csproj", "{486A02BA-D0C2-4EBB-B17A-DAC9C32A8C99}"
EndProject
Project("{9A19103F-16F7-4668-BE54-9A1E7A4F7556}") = "Demo2", "Demo2\Demo2.csproj", "{B3D0B09B-1DF1-49CB-B84F-6047C49550CC}"
EndProject
Project("{9A19103F-16F7-4668-BE54-9A1E7A4F7556}") = "Demo3", "Demo3\Demo3.csproj", "{C8D978C4-BEC8-4FB3-9B00-1490A13A5779}"
EndProject
Project("{9A19103F-16F7-4668-BE54-9A1E7A4F7556}") = "MonoScene.Pipeline.Assimp", "MonoScene.Pipeline.Assimp\MonoScene.Pipeline.Assimp.csproj", "{53F32A7E-EA67-408E-92FC-D6B3D46AC9B1}"
EndProject
Project("{9A19103F-16F7-4668-BE54-9A1E7A4F7556}") = "MonoScene.Pipeline", "MonoScene.Pipeline\MonoScene.Pipeline.csproj", "{BF0082A1-44BE-45B6-8679-BD22E5899050}"
EndProject
Project("{2150E333-8FDC-42A3-9474-1A3956D46DE8}") = "Demos", "Demos", "{891DFE27-C481-4D2C-9F55-91CFC08635DF}"
EndProject
Project("{2150E333-8FDC-42A3-9474-1A3956D46DE8}") = "Runtime", "Runtime", "{C5BB2248-5C6A-4895-BE07-F9A53D566E9B}"
EndProject
Project("{2150E333-8FDC-42A3-9474-1A3956D46DE8}") = "Solution Items", "Solution Items", "{F0B1912B-E726-4B4E-8FF5-5ADC7FC18824}"
	ProjectSection(SolutionItems) = preProject
		Directory.Build.props = Directory.Build.props
		MonoGameFramework.props = MonoGameFramework.props
		..\README.md = ..\README.md
	EndProjectSection
EndProject
Project("{9A19103F-16F7-4668-BE54-9A1E7A4F7556}") = "MonoScene.Runtime.Effects.Classic", "MonoScene.Runtime.Effects.Classic\MonoScene.Runtime.Effects.Classic.csproj", "{691C5DFC-9041-4406-9459-B83AFD5FBAD2}"
EndProject
Global
	GlobalSection(SolutionConfigurationPlatforms) = preSolution
		Debug|Any CPU = Debug|Any CPU
		Release|Any CPU = Release|Any CPU
	EndGlobalSection
	GlobalSection(ProjectConfigurationPlatforms) = postSolution
		{2C1C3C4C-6BF8-4C26-9212-B8814EF6F3BD}.Debug|Any CPU.ActiveCfg = Debug|Any CPU
		{2C1C3C4C-6BF8-4C26-9212-B8814EF6F3BD}.Debug|Any CPU.Build.0 = Debug|Any CPU
		{2C1C3C4C-6BF8-4C26-9212-B8814EF6F3BD}.Release|Any CPU.ActiveCfg = Release|Any CPU
		{2C1C3C4C-6BF8-4C26-9212-B8814EF6F3BD}.Release|Any CPU.Build.0 = Release|Any CPU
		{C8AC1020-FE76-4BF5-9767-F63554900091}.Debug|Any CPU.ActiveCfg = Debug|Any CPU
		{C8AC1020-FE76-4BF5-9767-F63554900091}.Debug|Any CPU.Build.0 = Debug|Any CPU
		{C8AC1020-FE76-4BF5-9767-F63554900091}.Release|Any CPU.ActiveCfg = Release|Any CPU
		{C8AC1020-FE76-4BF5-9767-F63554900091}.Release|Any CPU.Build.0 = Release|Any CPU
		{2563EE5B-0B4A-4EC1-BF78-8F270CACAB59}.Debug|Any CPU.ActiveCfg = Debug|Any CPU
		{2563EE5B-0B4A-4EC1-BF78-8F270CACAB59}.Debug|Any CPU.Build.0 = Debug|Any CPU
		{2563EE5B-0B4A-4EC1-BF78-8F270CACAB59}.Release|Any CPU.ActiveCfg = Release|Any CPU
		{2563EE5B-0B4A-4EC1-BF78-8F270CACAB59}.Release|Any CPU.Build.0 = Release|Any CPU
		{41112F36-3213-4C3F-8ECC-616F1B502B6A}.Debug|Any CPU.ActiveCfg = Debug|Any CPU
		{41112F36-3213-4C3F-8ECC-616F1B502B6A}.Debug|Any CPU.Build.0 = Debug|Any CPU
		{41112F36-3213-4C3F-8ECC-616F1B502B6A}.Release|Any CPU.ActiveCfg = Release|Any CPU
		{41112F36-3213-4C3F-8ECC-616F1B502B6A}.Release|Any CPU.Build.0 = Release|Any CPU
		{7B9B380E-D9AA-44F4-ABD3-36255EEE9F4A}.Debug|Any CPU.ActiveCfg = Debug|Any CPU
		{7B9B380E-D9AA-44F4-ABD3-36255EEE9F4A}.Debug|Any CPU.Build.0 = Debug|Any CPU
		{7B9B380E-D9AA-44F4-ABD3-36255EEE9F4A}.Release|Any CPU.ActiveCfg = Release|Any CPU
		{7B9B380E-D9AA-44F4-ABD3-36255EEE9F4A}.Release|Any CPU.Build.0 = Release|Any CPU
		{486A02BA-D0C2-4EBB-B17A-DAC9C32A8C99}.Debug|Any CPU.ActiveCfg = Debug|Any CPU
		{486A02BA-D0C2-4EBB-B17A-DAC9C32A8C99}.Debug|Any CPU.Build.0 = Debug|Any CPU
		{486A02BA-D0C2-4EBB-B17A-DAC9C32A8C99}.Release|Any CPU.ActiveCfg = Release|Any CPU
		{486A02BA-D0C2-4EBB-B17A-DAC9C32A8C99}.Release|Any CPU.Build.0 = Release|Any CPU
		{B3D0B09B-1DF1-49CB-B84F-6047C49550CC}.Debug|Any CPU.ActiveCfg = Debug|Any CPU
		{B3D0B09B-1DF1-49CB-B84F-6047C49550CC}.Debug|Any CPU.Build.0 = Debug|Any CPU
		{B3D0B09B-1DF1-49CB-B84F-6047C49550CC}.Release|Any CPU.ActiveCfg = Release|Any CPU
		{B3D0B09B-1DF1-49CB-B84F-6047C49550CC}.Release|Any CPU.Build.0 = Release|Any CPU
		{C8D978C4-BEC8-4FB3-9B00-1490A13A5779}.Debug|Any CPU.ActiveCfg = Debug|Any CPU
		{C8D978C4-BEC8-4FB3-9B00-1490A13A5779}.Debug|Any CPU.Build.0 = Debug|Any CPU
		{C8D978C4-BEC8-4FB3-9B00-1490A13A5779}.Release|Any CPU.ActiveCfg = Release|Any CPU
		{C8D978C4-BEC8-4FB3-9B00-1490A13A5779}.Release|Any CPU.Build.0 = Release|Any CPU
		{53F32A7E-EA67-408E-92FC-D6B3D46AC9B1}.Debug|Any CPU.ActiveCfg = Debug|Any CPU
		{53F32A7E-EA67-408E-92FC-D6B3D46AC9B1}.Debug|Any CPU.Build.0 = Debug|Any CPU
		{53F32A7E-EA67-408E-92FC-D6B3D46AC9B1}.Release|Any CPU.ActiveCfg = Release|Any CPU
		{53F32A7E-EA67-408E-92FC-D6B3D46AC9B1}.Release|Any CPU.Build.0 = Release|Any CPU
		{BF0082A1-44BE-45B6-8679-BD22E5899050}.Debug|Any CPU.ActiveCfg = Debug|Any CPU
		{BF0082A1-44BE-45B6-8679-BD22E5899050}.Debug|Any CPU.Build.0 = Debug|Any CPU
		{BF0082A1-44BE-45B6-8679-BD22E5899050}.Release|Any CPU.ActiveCfg = Release|Any CPU
		{BF0082A1-44BE-45B6-8679-BD22E5899050}.Release|Any CPU.Build.0 = Release|Any CPU
		{691C5DFC-9041-4406-9459-B83AFD5FBAD2}.Debug|Any CPU.ActiveCfg = Debug|Any CPU
		{691C5DFC-9041-4406-9459-B83AFD5FBAD2}.Debug|Any CPU.Build.0 = Debug|Any CPU
		{691C5DFC-9041-4406-9459-B83AFD5FBAD2}.Release|Any CPU.ActiveCfg = Release|Any CPU
		{691C5DFC-9041-4406-9459-B83AFD5FBAD2}.Release|Any CPU.Build.0 = Release|Any CPU
	EndGlobalSection
	GlobalSection(SolutionProperties) = preSolution
		HideSolutionNode = FALSE
	EndGlobalSection
	GlobalSection(NestedProjects) = preSolution
		{2C1C3C4C-6BF8-4C26-9212-B8814EF6F3BD} = {891DFE27-C481-4D2C-9F55-91CFC08635DF}
		{C8AC1020-FE76-4BF5-9767-F63554900091} = {B8E244DA-E11E-4E86-A247-220C1AE236BF}
		{2563EE5B-0B4A-4EC1-BF78-8F270CACAB59} = {C5BB2248-5C6A-4895-BE07-F9A53D566E9B}
		{41112F36-3213-4C3F-8ECC-616F1B502B6A} = {C5BB2248-5C6A-4895-BE07-F9A53D566E9B}
		{7B9B380E-D9AA-44F4-ABD3-36255EEE9F4A} = {C5BB2248-5C6A-4895-BE07-F9A53D566E9B}
		{486A02BA-D0C2-4EBB-B17A-DAC9C32A8C99} = {C5BB2248-5C6A-4895-BE07-F9A53D566E9B}
		{B3D0B09B-1DF1-49CB-B84F-6047C49550CC} = {891DFE27-C481-4D2C-9F55-91CFC08635DF}
		{C8D978C4-BEC8-4FB3-9B00-1490A13A5779} = {891DFE27-C481-4D2C-9F55-91CFC08635DF}
		{53F32A7E-EA67-408E-92FC-D6B3D46AC9B1} = {B8E244DA-E11E-4E86-A247-220C1AE236BF}
		{BF0082A1-44BE-45B6-8679-BD22E5899050} = {B8E244DA-E11E-4E86-A247-220C1AE236BF}
		{691C5DFC-9041-4406-9459-B83AFD5FBAD2} = {C5BB2248-5C6A-4895-BE07-F9A53D566E9B}
	EndGlobalSection
	GlobalSection(ExtensibilityGlobals) = postSolution
		SolutionGuid = {7B695401-8FEE-4F6F-9A83-4AF3714E3BD7}
	EndGlobalSection
	GlobalSection(SubversionScc) = preSolution
		Svn-Managed = True
		Manager = AnkhSVN - Subversion Support for Visual Studio
	EndGlobalSection
EndGlobal
